
Microsoft Visual Studio Solution File, Format Version 12.00
# Visual Studio 15
VisualStudioVersion = 15.0.28010.2019
MinimumVisualStudioVersion = 10.0.40219.1
Project("{9A19103F-16F7-4668-BE54-9A1E7A4F7556}") = "SweetShop", "SweetShop\SweetShop.csproj", "{87F4A7F6-C5D3-4E11-8D68-D0C8A462B15F}"
EndProject
Global
	GlobalSection(SolutionConfigurationPlatforms) = preSolution
		Debug|Any CPU = Debug|Any CPU
		Release|Any CPU = Release|Any CPU
	EndGlobalSection
	GlobalSection(ProjectConfigurationPlatforms) = postSolution
		{87F4A7F6-C5D3-4E11-8D68-D0C8A462B15F}.Debug|Any CPU.ActiveCfg = Debug|Any CPU
		{87F4A7F6-C5D3-4E11-8D68-D0C8A462B15F}.Debug|Any CPU.Build.0 = Debug|Any CPU
		{87F4A7F6-C5D3-4E11-8D68-D0C8A462B15F}.Release|Any CPU.ActiveCfg = Release|Any CPU
		{87F4A7F6-C5D3-4E11-8D68-D0C8A462B15F}.Release|Any CPU.Build.0 = Release|Any CPU
	EndGlobalSection
	GlobalSection(SolutionProperties) = preSolution
		HideSolutionNode = FALSE
	EndGlobalSection
	GlobalSection(ExtensibilityGlobals) = postSolution
		SolutionGuid = {57A130B0-025A-453E-AAED-08A2F32EB4A3}
	EndGlobalSection
EndGlobal
